
Microsoft Visual Studio Solution File, Format Version 12.00
# Visual Studio Version 17
VisualStudioVersion = 17.4.33122.133
MinimumVisualStudioVersion = 10.0.40219.1
Project("{FAE04EC0-301F-11D3-BF4B-00C04F79EFBC}") = "Cinema", "Cinema\Cinema.csproj", "{C8C00D27-A794-415F-B4C6-8C2447E73235}"
EndProject
Global
	GlobalSection(SolutionConfigurationPlatforms) = preSolution
		Debug|Any CPU = Debug|Any CPU
		Release|Any CPU = Release|Any CPU
	EndGlobalSection
	GlobalSection(ProjectConfigurationPlatforms) = postSolution
		{C8C00D27-A794-415F-B4C6-8C2447E73235}.Debug|Any CPU.ActiveCfg = Debug|Any CPU
		{C8C00D27-A794-415F-B4C6-8C2447E73235}.Debug|Any CPU.Build.0 = Debug|Any CPU
		{C8C00D27-A794-415F-B4C6-8C2447E73235}.Release|Any CPU.ActiveCfg = Release|Any CPU
		{C8C00D27-A794-415F-B4C6-8C2447E73235}.Release|Any CPU.Build.0 = Release|Any CPU
	EndGlobalSection
	GlobalSection(SolutionProperties) = preSolution
		HideSolutionNode = FALSE
	EndGlobalSection
	GlobalSection(ExtensibilityGlobals) = postSolution
		SolutionGuid = {13CF3727-0574-460B-A7E3-984B05228C09}
	EndGlobalSection
EndGlobal
